
Microsoft Visual Studio Solution File, Format Version 12.00
# Visual Studio Version 17
VisualStudioVersion = 17.0.31903.59
MinimumVisualStudioVersion = 10.0.40219.1
Project("{2150E333-8FDC-42A3-9474-1A3956D46DE8}") = "src", "src", "{49501221-B711-41A5-A747-34E92BB3A782}"
EndProject
Project("{FAE04EC0-301F-11D3-BF4B-00C04F79EFBC}") = "Hato.Api", "src\Hato.Api\Hato.Api.csproj", "{923584AC-5F92-4D3B-A098-0A80F8E186EB}"
EndProject
Project("{2150E333-8FDC-42A3-9474-1A3956D46DE8}") = "tests", "tests", "{59778C5C-B993-4B68-90CA-0B1E8B538DDF}"
EndProject
Project("{FAE04EC0-301F-11D3-BF4B-00C04F79EFBC}") = "Hato.Modules.Livestock.IntegrationTests", "tests\Hato.Modules.Livestock.IntegrationTests\Hato.Modules.Livestock.IntegrationTests.csproj", "{CE553169-37CB-4129-838E-6B6BB419B0B4}"
EndProject
Project("{FAE04EC0-301F-11D3-BF4B-00C04F79EFBC}") = "Hato.Modules.Livestock.UnitTests", "tests\Hato.Modules.Livestock.UnitTests\Hato.Modules.Livestock.UnitTests.csproj", "{A109B0B3-3538-4347-B0D5-98B5FB25DC3B}"
EndProject
Project("{2150E333-8FDC-42A3-9474-1A3956D46DE8}") = "Shared", "Shared", "{AA4FAE99-8225-4655-9FDF-C655DF74CD6C}"
EndProject
Project("{FAE04EC0-301F-11D3-BF4B-00C04F79EFBC}") = "Hato.SharedKernel", "src\Shared\Hato.SharedKernel\Hato.SharedKernel.csproj", "{9D34FD7A-C84C-4A94-B110-0CA2B93758B5}"
EndProject
Project("{2150E333-8FDC-42A3-9474-1A3956D46DE8}") = "Modules", "Modules", "{A1C41C94-A01C-4C65-A0E1-5B9A0474987B}"
EndProject
Project("{2150E333-8FDC-42A3-9474-1A3956D46DE8}") = "Livestock", "Livestock", "{88F0B628-102E-4722-B10E-B533F15AADA4}"
EndProject
Project("{FAE04EC0-301F-11D3-BF4B-00C04F79EFBC}") = "Hato.Modules.Livestock.Infrastructure", "src\Modules\Livestock\Hato.Modules.Livestock.Infrastructure\Hato.Modules.Livestock.Infrastructure.csproj", "{39A637F1-6A1D-4911-9979-E1CB62F16DE9}"
EndProject
Project("{FAE04EC0-301F-11D3-BF4B-00C04F79EFBC}") = "Hato.Modules.Livestock.Domain", "src\Modules\Livestock\Hato.Modules.Livestock.Domain\Hato.Modules.Livestock.Domain.csproj", "{7C098EF0-4577-4034-B210-82D71522EE33}"
EndProject
Project("{FAE04EC0-301F-11D3-BF4B-00C04F79EFBC}") = "Hato.Modules.Livestock.Application", "src\Modules\Livestock\Hato.Modules.Livestock.Application\Hato.Modules.Livestock.Application.csproj", "{0211C6D3-7E0F-477D-9DD4-DD29660D1ACC}"
EndProject
Project("{FAE04EC0-301F-11D3-BF4B-00C04F79EFBC}") = "Hato.Modules.Livestock.Contracts", "src\Modules\Livestock\Hato.Modules.Livestock.Contracts\Hato.Modules.Livestock.Contracts.csproj", "{8851B081-B1F3-489F-92AE-F55145386D3D}"
EndProject
Project("{2150E333-8FDC-42A3-9474-1A3956D46DE8}") = "Production", "Production", "{0A635027-EB07-4C3E-B49F-9D810AA9F218}"
EndProject
Project("{FAE04EC0-301F-11D3-BF4B-00C04F79EFBC}") = "Hato.Modules.Production.Domain", "src\Modules\Production\Hato.Modules.Production.Domain\Hato.Modules.Production.Domain.csproj", "{E9A5999E-E50D-4518-8FAD-7F33EE57C0E2}"
EndProject
Project("{FAE04EC0-301F-11D3-BF4B-00C04F79EFBC}") = "Hato.Modules.Production.Contracts", "src\Modules\Production\Hato.Modules.Production.Contracts\Hato.Modules.Production.Contracts.csproj", "{26CD8F6A-9994-4C74-BF25-28671505531B}"
EndProject
Project("{FAE04EC0-301F-11D3-BF4B-00C04F79EFBC}") = "Hato.Modules.Production.Application", "src\Modules\Production\Hato.Modules.Production.Application\Hato.Modules.Production.Application.csproj", "{64D7BB48-C101-447B-BE9B-04BF034BC0FC}"
EndProject
Project("{FAE04EC0-301F-11D3-BF4B-00C04F79EFBC}") = "Hato.Modules.Production.Infrastructure", "src\Modules\Production\Hato.Modules.Production.Infrastructure\Hato.Modules.Production.Infrastructure.csproj", "{40F084A1-0BC7-4CE2-BA59-D4EA565EA747}"
EndProject
Project("{FAE04EC0-301F-11D3-BF4B-00C04F79EFBC}") = "Hato.Modules.Production.UnitTests", "tests\Hato.Modules.Production.UnitTests\Hato.Modules.Production.UnitTests.csproj", "{E9DA0AE0-6CFB-4117-98BD-44714D3C55D2}"
EndProject
Project("{FAE04EC0-301F-11D3-BF4B-00C04F79EFBC}") = "Hato.Modules.Production.IntegrationTests", "tests\Hato.Modules.Production.IntegrationTests\Hato.Modules.Production.IntegrationTests.csproj", "{A83EFFED-DA7C-4BA2-B803-BD6B496FE603}"
EndProject
Project("{2150E333-8FDC-42A3-9474-1A3956D46DE8}") = "Inventory", "Inventory", "{E80C6EA1-4A23-4192-B406-497DA279715E}"
EndProject
Project("{FAE04EC0-301F-11D3-BF4B-00C04F79EFBC}") = "Hato.Modules.Inventory.Domain", "src\Modules\Inventory\Hato.Modules.Inventory.Domain\Hato.Modules.Inventory.Domain.csproj", "{DE7A5BC0-433F-4D92-B72F-44AF06393AB4}"
EndProject
Project("{FAE04EC0-301F-11D3-BF4B-00C04F79EFBC}") = "Hato.Modules.Inventory.Contracts", "src\Modules\Inventory\Hato.Modules.Inventory.Contracts\Hato.Modules.Inventory.Contracts.csproj", "{B371C9C2-EE62-4D53-9895-D7BBA4419468}"
EndProject
Project("{FAE04EC0-301F-11D3-BF4B-00C04F79EFBC}") = "Hato.Modules.Inventory.Application", "src\Modules\Inventory\Hato.Modules.Inventory.Application\Hato.Modules.Inventory.Application.csproj", "{2BFB6A1F-E259-4800-8C79-4AFA8278404C}"
EndProject
Project("{FAE04EC0-301F-11D3-BF4B-00C04F79EFBC}") = "Hato.Modules.Inventory.Infrastructure", "src\Modules\Inventory\Hato.Modules.Inventory.Infrastructure\Hato.Modules.Inventory.Infrastructure.csproj", "{D6A4A391-3F97-45D7-B628-4F2B8AB6ED5E}"
EndProject
Project("{FAE04EC0-301F-11D3-BF4B-00C04F79EFBC}") = "Hato.Modules.Inventory.UnitTests", "tests\Hato.Modules.Inventory.UnitTests\Hato.Modules.Inventory.UnitTests.csproj", "{CA548381-AB27-450F-B72A-6F298509C085}"
EndProject
Project("{FAE04EC0-301F-11D3-BF4B-00C04F79EFBC}") = "Hato.Modules.Inventory.IntegrationTests", "tests\Hato.Modules.Inventory.IntegrationTests\Hato.Modules.Inventory.IntegrationTests.csproj", "{132878E1-0216-44F7-AD33-426809E98F2B}"
EndProject
Project("{2150E333-8FDC-42A3-9474-1A3956D46DE8}") = "People", "People", "{3CBE2B51-5C68-4989-B7C9-BA2ECB318AFD}"
EndProject
Project("{FAE04EC0-301F-11D3-BF4B-00C04F79EFBC}") = "Hato.Modules.People.Domain", "src\Modules\People\Hato.Modules.People.Domain\Hato.Modules.People.Domain.csproj", "{AC355A71-6215-44B9-A7D1-FA53B5DE6128}"
EndProject
Project("{FAE04EC0-301F-11D3-BF4B-00C04F79EFBC}") = "Hato.Modules.People.Contracts", "src\Modules\People\Hato.Modules.People.Contracts\Hato.Modules.People.Contracts.csproj", "{E4892930-94AC-4793-B6B6-4CF2BAE4D963}"
EndProject
Project("{FAE04EC0-301F-11D3-BF4B-00C04F79EFBC}") = "Hato.Modules.People.Application", "src\Modules\People\Hato.Modules.People.Application\Hato.Modules.People.Application.csproj", "{168A6766-38A8-4478-859E-50FF3E0957C2}"
EndProject
Project("{FAE04EC0-301F-11D3-BF4B-00C04F79EFBC}") = "Hato.Modules.People.Infrastructure", "src\Modules\People\Hato.Modules.People.Infrastructure\Hato.Modules.People.Infrastructure.csproj", "{E2E6B25C-0824-4F1D-95E2-A1F0911947CA}"
EndProject
Project("{FAE04EC0-301F-11D3-BF4B-00C04F79EFBC}") = "Hato.Modules.People.UnitTests", "tests\Hato.Modules.People.UnitTests\Hato.Modules.People.UnitTests.csproj", "{DE2467B6-D6D3-4425-A9B8-D89863BB2FA0}"
EndProject
Project("{FAE04EC0-301F-11D3-BF4B-00C04F79EFBC}") = "Hato.Modules.People.IntegrationTests", "tests\Hato.Modules.People.IntegrationTests\Hato.Modules.People.IntegrationTests.csproj", "{DB834FE5-CA39-4235-BE27-2DBD5A938502}"
EndProject
Project("{2150E333-8FDC-42A3-9474-1A3956D46DE8}") = "Breeding", "Breeding", "{3FF7679C-6DD3-4611-80C9-04F21968E77D}"
EndProject
Project("{FAE04EC0-301F-11D3-BF4B-00C04F79EFBC}") = "Hato.Modules.Breeding.Contracts", "src\Modules\Breeding\Hato.Modules.Breeding.Contracts\Hato.Modules.Breeding.Contracts.csproj", "{E75D68E5-B3D2-4BF6-8D8F-62B72DA20BC8}"
EndProject
Project("{FAE04EC0-301F-11D3-BF4B-00C04F79EFBC}") = "Hato.Modules.Breeding.Domain", "src\Modules\Breeding\Hato.Modules.Breeding.Domain\Hato.Modules.Breeding.Domain.csproj", "{682C53E0-162B-4383-A04F-6874E8DF2AD6}"
EndProject
Project("{FAE04EC0-301F-11D3-BF4B-00C04F79EFBC}") = "Hato.Modules.Breeding.Application", "src\Modules\Breeding\Hato.Modules.Breeding.Application\Hato.Modules.Breeding.Application.csproj", "{19A7ED51-A964-445C-AF82-D562D46CEBE2}"
EndProject
Project("{FAE04EC0-301F-11D3-BF4B-00C04F79EFBC}") = "Hato.Modules.Breeding.Infrastructure", "src\Modules\Breeding\Hato.Modules.Breeding.Infrastructure\Hato.Modules.Breeding.Infrastructure.csproj", "{B060DB31-B9DD-435C-B91C-E34E09F1C27E}"
EndProject
Project("{FAE04EC0-301F-11D3-BF4B-00C04F79EFBC}") = "Hato.Modules.Breeding.UnitTests", "tests\Hato.Modules.Breeding.UnitTests\Hato.Modules.Breeding.UnitTests.csproj", "{F5FECC19-A0F5-486D-88DD-4EE5D7C2A315}"
EndProject
Project("{FAE04EC0-301F-11D3-BF4B-00C04F79EFBC}") = "Hato.Modules.Breeding.IntegrationTests", "tests\Hato.Modules.Breeding.IntegrationTests\Hato.Modules.Breeding.IntegrationTests.csproj", "{08BB7131-E54C-4BE8-82DF-E8EC4B8C81F6}"
EndProject
Project("{2150E333-8FDC-42A3-9474-1A3956D46DE8}") = "Tasks", "Tasks", "{5FE8DC3F-9043-449D-9CC1-B717040D7CF4}"
EndProject
Project("{FAE04EC0-301F-11D3-BF4B-00C04F79EFBC}") = "Hato.Modules.Tasks.Contracts", "src\Modules\Tasks\Hato.Modules.Tasks.Contracts\Hato.Modules.Tasks.Contracts.csproj", "{7E7DCECC-36AC-4B62-A9D2-6023FE430F42}"
EndProject
Project("{FAE04EC0-301F-11D3-BF4B-00C04F79EFBC}") = "Hato.Modules.Tasks.Domain", "src\Modules\Tasks\Hato.Modules.Tasks.Domain\Hato.Modules.Tasks.Domain.csproj", "{F7FF96E8-272C-4784-8D95-FC13EB0D0E5F}"
EndProject
Project("{FAE04EC0-301F-11D3-BF4B-00C04F79EFBC}") = "Hato.Modules.Tasks.Application", "src\Modules\Tasks\Hato.Modules.Tasks.Application\Hato.Modules.Tasks.Application.csproj", "{EFC9EA77-B36A-4715-83E5-FD30725F049F}"
EndProject
Project("{FAE04EC0-301F-11D3-BF4B-00C04F79EFBC}") = "Hato.Modules.Tasks.Infrastructure", "src\Modules\Tasks\Hato.Modules.Tasks.Infrastructure\Hato.Modules.Tasks.Infrastructure.csproj", "{EADE8F3F-1CDF-45A5-8DCF-232A2F9B9F49}"
EndProject
Project("{FAE04EC0-301F-11D3-BF4B-00C04F79EFBC}") = "Hato.Modules.Tasks.UnitTests", "tests\Hato.Modules.Tasks.UnitTests\Hato.Modules.Tasks.UnitTests.csproj", "{B51516E6-678E-458E-8187-4C2304E5ED86}"
EndProject
Project("{FAE04EC0-301F-11D3-BF4B-00C04F79EFBC}") = "Hato.Modules.Tasks.IntegrationTests", "tests\Hato.Modules.Tasks.IntegrationTests\Hato.Modules.Tasks.IntegrationTests.csproj", "{71CB9B88-40AC-4503-AC6C-FD30A20B378B}"
EndProject
Project("{FAE04EC0-301F-11D3-BF4B-00C04F79EFBC}") = "Hato.TestSupport", "tests\Hato.TestSupport\Hato.TestSupport.csproj", "{FBCD4FAD-6EDB-44D3-AEFB-35A2DB1BD9B0}"
EndProject
Project("{FAE04EC0-301F-11D3-BF4B-00C04F79EFBC}") = "Hato.Sync.IntegrationTests", "tests\Hato.Sync.IntegrationTests\Hato.Sync.IntegrationTests.csproj", "{F3548183-A592-412D-9620-CF049324F361}"
EndProject
Project("{FAE04EC0-301F-11D3-BF4B-00C04F79EFBC}") = "Hato.SharedKernel.Persistence", "src\Shared\Hato.SharedKernel.Persistence\Hato.SharedKernel.Persistence.csproj", "{4036C750-C366-43F8-B641-6B09D250CC88}"
EndProject
Global
	GlobalSection(SolutionConfigurationPlatforms) = preSolution
		Debug|Any CPU = Debug|Any CPU
		Release|Any CPU = Release|Any CPU
	EndGlobalSection
	GlobalSection(SolutionProperties) = preSolution
		HideSolutionNode = FALSE
	EndGlobalSection
	GlobalSection(ProjectConfigurationPlatforms) = postSolution
		{923584AC-5F92-4D3B-A098-0A80F8E186EB}.Debug|Any CPU.ActiveCfg = Debug|Any CPU
		{923584AC-5F92-4D3B-A098-0A80F8E186EB}.Debug|Any CPU.Build.0 = Debug|Any CPU
		{923584AC-5F92-4D3B-A098-0A80F8E186EB}.Release|Any CPU.ActiveCfg = Release|Any CPU
		{923584AC-5F92-4D3B-A098-0A80F8E186EB}.Release|Any CPU.Build.0 = Release|Any CPU
		{CE553169-37CB-4129-838E-6B6BB419B0B4}.Debug|Any CPU.ActiveCfg = Debug|Any CPU
		{CE553169-37CB-4129-838E-6B6BB419B0B4}.Debug|Any CPU.Build.0 = Debug|Any CPU
		{CE553169-37CB-4129-838E-6B6BB419B0B4}.Release|Any CPU.ActiveCfg = Release|Any CPU
		{CE553169-37CB-4129-838E-6B6BB419B0B4}.Release|Any CPU.Build.0 = Release|Any CPU
		{A109B0B3-3538-4347-B0D5-98B5FB25DC3B}.Debug|Any CPU.ActiveCfg = Debug|Any CPU
		{A109B0B3-3538-4347-B0D5-98B5FB25DC3B}.Debug|Any CPU.Build.0 = Debug|Any CPU
		{A109B0B3-3538-4347-B0D5-98B5FB25DC3B}.Release|Any CPU.ActiveCfg = Release|Any CPU
		{A109B0B3-3538-4347-B0D5-98B5FB25DC3B}.Release|Any CPU.Build.0 = Release|Any CPU
		{9D34FD7A-C84C-4A94-B110-0CA2B93758B5}.Debug|Any CPU.ActiveCfg = Debug|Any CPU
		{9D34FD7A-C84C-4A94-B110-0CA2B93758B5}.Debug|Any CPU.Build.0 = Debug|Any CPU
		{9D34FD7A-C84C-4A94-B110-0CA2B93758B5}.Release|Any CPU.ActiveCfg = Release|Any CPU
		{9D34FD7A-C84C-4A94-B110-0CA2B93758B5}.Release|Any CPU.Build.0 = Release|Any CPU
		{39A637F1-6A1D-4911-9979-E1CB62F16DE9}.Debug|Any CPU.ActiveCfg = Debug|Any CPU
		{39A637F1-6A1D-4911-9979-E1CB62F16DE9}.Debug|Any CPU.Build.0 = Debug|Any CPU
		{39A637F1-6A1D-4911-9979-E1CB62F16DE9}.Release|Any CPU.ActiveCfg = Release|Any CPU
		{39A637F1-6A1D-4911-9979-E1CB62F16DE9}.Release|Any CPU.Build.0 = Release|Any CPU
		{7C098EF0-4577-4034-B210-82D71522EE33}.Debug|Any CPU.ActiveCfg = Debug|Any CPU
		{7C098EF0-4577-4034-B210-82D71522EE33}.Debug|Any CPU.Build.0 = Debug|Any CPU
		{7C098EF0-4577-4034-B210-82D71522EE33}.Release|Any CPU.ActiveCfg = Release|Any CPU
		{7C098EF0-4577-4034-B210-82D71522EE33}.Release|Any CPU.Build.0 = Release|Any CPU
		{0211C6D3-7E0F-477D-9DD4-DD29660D1ACC}.Debug|Any CPU.ActiveCfg = Debug|Any CPU
		{0211C6D3-7E0F-477D-9DD4-DD29660D1ACC}.Debug|Any CPU.Build.0 = Debug|Any CPU
		{0211C6D3-7E0F-477D-9DD4-DD29660D1ACC}.Release|Any CPU.ActiveCfg = Release|Any CPU
		{0211C6D3-7E0F-477D-9DD4-DD29660D1ACC}.Release|Any CPU.Build.0 = Release|Any CPU
		{8851B081-B1F3-489F-92AE-F55145386D3D}.Debug|Any CPU.ActiveCfg = Debug|Any CPU
		{8851B081-B1F3-489F-92AE-F55145386D3D}.Debug|Any CPU.Build.0 = Debug|Any CPU
		{8851B081-B1F3-489F-92AE-F55145386D3D}.Release|Any CPU.ActiveCfg = Release|Any CPU
		{8851B081-B1F3-489F-92AE-F55145386D3D}.Release|Any CPU.Build.0 = Release|Any CPU
		{E9A5999E-E50D-4518-8FAD-7F33EE57C0E2}.Debug|Any CPU.ActiveCfg = Debug|Any CPU
		{E9A5999E-E50D-4518-8FAD-7F33EE57C0E2}.Debug|Any CPU.Build.0 = Debug|Any CPU
		{E9A5999E-E50D-4518-8FAD-7F33EE57C0E2}.Release|Any CPU.ActiveCfg = Release|Any CPU
		{E9A5999E-E50D-4518-8FAD-7F33EE57C0E2}.Release|Any CPU.Build.0 = Release|Any CPU
		{26CD8F6A-9994-4C74-BF25-28671505531B}.Debug|Any CPU.ActiveCfg = Debug|Any CPU
		{26CD8F6A-9994-4C74-BF25-28671505531B}.Debug|Any CPU.Build.0 = Debug|Any CPU
		{26CD8F6A-9994-4C74-BF25-28671505531B}.Release|Any CPU.ActiveCfg = Release|Any CPU
		{26CD8F6A-9994-4C74-BF25-28671505531B}.Release|Any CPU.Build.0 = Release|Any CPU
		{64D7BB48-C101-447B-BE9B-04BF034BC0FC}.Debug|Any CPU.ActiveCfg = Debug|Any CPU
		{64D7BB48-C101-447B-BE9B-04BF034BC0FC}.Debug|Any CPU.Build.0 = Debug|Any CPU
		{64D7BB48-C101-447B-BE9B-04BF034BC0FC}.Release|Any CPU.ActiveCfg = Release|Any CPU
		{64D7BB48-C101-447B-BE9B-04BF034BC0FC}.Release|Any CPU.Build.0 = Release|Any CPU
		{40F084A1-0BC7-4CE2-BA59-D4EA565EA747}.Debug|Any CPU.ActiveCfg = Debug|Any CPU
		{40F084A1-0BC7-4CE2-BA59-D4EA565EA747}.Debug|Any CPU.Build.0 = Debug|Any CPU
		{40F084A1-0BC7-4CE2-BA59-D4EA565EA747}.Release|Any CPU.ActiveCfg = Release|Any CPU
		{40F084A1-0BC7-4CE2-BA59-D4EA565EA747}.Release|Any CPU.Build.0 = Release|Any CPU
		{E9DA0AE0-6CFB-4117-98BD-44714D3C55D2}.Debug|Any CPU.ActiveCfg = Debug|Any CPU
		{E9DA0AE0-6CFB-4117-98BD-44714D3C55D2}.Debug|Any CPU.Build.0 = Debug|Any CPU
		{E9DA0AE0-6CFB-4117-98BD-44714D3C55D2}.Release|Any CPU.ActiveCfg = Release|Any CPU
		{E9DA0AE0-6CFB-4117-98BD-44714D3C55D2}.Release|Any CPU.Build.0 = Release|Any CPU
		{A83EFFED-DA7C-4BA2-B803-BD6B496FE603}.Debug|Any CPU.ActiveCfg = Debug|Any CPU
		{A83EFFED-DA7C-4BA2-B803-BD6B496FE603}.Debug|Any CPU.Build.0 = Debug|Any CPU
		{A83EFFED-DA7C-4BA2-B803-BD6B496FE603}.Release|Any CPU.ActiveCfg = Release|Any CPU
		{A83EFFED-DA7C-4BA2-B803-BD6B496FE603}.Release|Any CPU.Build.0 = Release|Any CPU
		{DE7A5BC0-433F-4D92-B72F-44AF06393AB4}.Debug|Any CPU.ActiveCfg = Debug|Any CPU
		{DE7A5BC0-433F-4D92-B72F-44AF06393AB4}.Debug|Any CPU.Build.0 = Debug|Any CPU
		{DE7A5BC0-433F-4D92-B72F-44AF06393AB4}.Release|Any CPU.ActiveCfg = Release|Any CPU
		{DE7A5BC0-433F-4D92-B72F-44AF06393AB4}.Release|Any CPU.Build.0 = Release|Any CPU
		{B371C9C2-EE62-4D53-9895-D7BBA4419468}.Debug|Any CPU.ActiveCfg = Debug|Any CPU
		{B371C9C2-EE62-4D53-9895-D7BBA4419468}.Debug|Any CPU.Build.0 = Debug|Any CPU
		{B371C9C2-EE62-4D53-9895-D7BBA4419468}.Release|Any CPU.ActiveCfg = Release|Any CPU
		{B371C9C2-EE62-4D53-9895-D7BBA4419468}.Release|Any CPU.Build.0 = Release|Any CPU
		{2BFB6A1F-E259-4800-8C79-4AFA8278404C}.Debug|Any CPU.ActiveCfg = Debug|Any CPU
		{2BFB6A1F-E259-4800-8C79-4AFA8278404C}.Debug|Any CPU.Build.0 = Debug|Any CPU
		{2BFB6A1F-E259-4800-8C79-4AFA8278404C}.Release|Any CPU.ActiveCfg = Release|Any CPU
		{2BFB6A1F-E259-4800-8C79-4AFA8278404C}.Release|Any CPU.Build.0 = Release|Any CPU
		{D6A4A391-3F97-45D7-B628-4F2B8AB6ED5E}.Debug|Any CPU.ActiveCfg = Debug|Any CPU
		{D6A4A391-3F97-45D7-B628-4F2B8AB6ED5E}.Debug|Any CPU.Build.0 = Debug|Any CPU
		{D6A4A391-3F97-45D7-B628-4F2B8AB6ED5E}.Release|Any CPU.ActiveCfg = Release|Any CPU
		{D6A4A391-3F97-45D7-B628-4F2B8AB6ED5E}.Release|Any CPU.Build.0 = Release|Any CPU
		{CA548381-AB27-450F-B72A-6F298509C085}.Debug|Any CPU.ActiveCfg = Debug|Any CPU
		{CA548381-AB27-450F-B72A-6F298509C085}.Debug|Any CPU.Build.0 = Debug|Any CPU
		{CA548381-AB27-450F-B72A-6F298509C085}.Release|Any CPU.ActiveCfg = Release|Any CPU
		{CA548381-AB27-450F-B72A-6F298509C085}.Release|Any CPU.Build.0 = Release|Any CPU
		{132878E1-0216-44F7-AD33-426809E98F2B}.Debug|Any CPU.ActiveCfg = Debug|Any CPU
		{132878E1-0216-44F7-AD33-426809E98F2B}.Debug|Any CPU.Build.0 = Debug|Any CPU
		{132878E1-0216-44F7-AD33-426809E98F2B}.Release|Any CPU.ActiveCfg = Release|Any CPU
		{132878E1-0216-44F7-AD33-426809E98F2B}.Release|Any CPU.Build.0 = Release|Any CPU
		{AC355A71-6215-44B9-A7D1-FA53B5DE6128}.Debug|Any CPU.ActiveCfg = Debug|Any CPU
		{AC355A71-6215-44B9-A7D1-FA53B5DE6128}.Debug|Any CPU.Build.0 = Debug|Any CPU
		{AC355A71-6215-44B9-A7D1-FA53B5DE6128}.Release|Any CPU.ActiveCfg = Release|Any CPU
		{AC355A71-6215-44B9-A7D1-FA53B5DE6128}.Release|Any CPU.Build.0 = Release|Any CPU
		{E4892930-94AC-4793-B6B6-4CF2BAE4D963}.Debug|Any CPU.ActiveCfg = Debug|Any CPU
		{E4892930-94AC-4793-B6B6-4CF2BAE4D963}.Debug|Any CPU.Build.0 = Debug|Any CPU
		{E4892930-94AC-4793-B6B6-4CF2BAE4D963}.Release|Any CPU.ActiveCfg = Release|Any CPU
		{E4892930-94AC-4793-B6B6-4CF2BAE4D963}.Release|Any CPU.Build.0 = Release|Any CPU
		{168A6766-38A8-4478-859E-50FF3E0957C2}.Debug|Any CPU.ActiveCfg = Debug|Any CPU
		{168A6766-38A8-4478-859E-50FF3E0957C2}.Debug|Any CPU.Build.0 = Debug|Any CPU
		{168A6766-38A8-4478-859E-50FF3E0957C2}.Release|Any CPU.ActiveCfg = Release|Any CPU
		{168A6766-38A8-4478-859E-50FF3E0957C2}.Release|Any CPU.Build.0 = Release|Any CPU
		{E2E6B25C-0824-4F1D-95E2-A1F0911947CA}.Debug|Any CPU.ActiveCfg = Debug|Any CPU
		{E2E6B25C-0824-4F1D-95E2-A1F0911947CA}.Debug|Any CPU.Build.0 = Debug|Any CPU
		{E2E6B25C-0824-4F1D-95E2-A1F0911947CA}.Release|Any CPU.ActiveCfg = Release|Any CPU
		{E2E6B25C-0824-4F1D-95E2-A1F0911947CA}.Release|Any CPU.Build.0 = Release|Any CPU
		{DE2467B6-D6D3-4425-A9B8-D89863BB2FA0}.Debug|Any CPU.ActiveCfg = Debug|Any CPU
		{DE2467B6-D6D3-4425-A9B8-D89863BB2FA0}.Debug|Any CPU.Build.0 = Debug|Any CPU
		{DE2467B6-D6D3-4425-A9B8-D89863BB2FA0}.Release|Any CPU.ActiveCfg = Release|Any CPU
		{DE2467B6-D6D3-4425-A9B8-D89863BB2FA0}.Release|Any CPU.Build.0 = Release|Any CPU
		{DB834FE5-CA39-4235-BE27-2DBD5A938502}.Debug|Any CPU.ActiveCfg = Debug|Any CPU
		{DB834FE5-CA39-4235-BE27-2DBD5A938502}.Debug|Any CPU.Build.0 = Debug|Any CPU
		{DB834FE5-CA39-4235-BE27-2DBD5A938502}.Release|Any CPU.ActiveCfg = Release|Any CPU
		{DB834FE5-CA39-4235-BE27-2DBD5A938502}.Release|Any CPU.Build.0 = Release|Any CPU
		{E75D68E5-B3D2-4BF6-8D8F-62B72DA20BC8}.Debug|Any CPU.ActiveCfg = Debug|Any CPU
		{E75D68E5-B3D2-4BF6-8D8F-62B72DA20BC8}.Debug|Any CPU.Build.0 = Debug|Any CPU
		{E75D68E5-B3D2-4BF6-8D8F-62B72DA20BC8}.Release|Any CPU.ActiveCfg = Release|Any CPU
		{E75D68E5-B3D2-4BF6-8D8F-62B72DA20BC8}.Release|Any CPU.Build.0 = Release|Any CPU
		{682C53E0-162B-4383-A04F-6874E8DF2AD6}.Debug|Any CPU.ActiveCfg = Debug|Any CPU
		{682C53E0-162B-4383-A04F-6874E8DF2AD6}.Debug|Any CPU.Build.0 = Debug|Any CPU
		{682C53E0-162B-4383-A04F-6874E8DF2AD6}.Release|Any CPU.ActiveCfg = Release|Any CPU
		{682C53E0-162B-4383-A04F-6874E8DF2AD6}.Release|Any CPU.Build.0 = Release|Any CPU
		{19A7ED51-A964-445C-AF82-D562D46CEBE2}.Debug|Any CPU.ActiveCfg = Debug|Any CPU
		{19A7ED51-A964-445C-AF82-D562D46CEBE2}.Debug|Any CPU.Build.0 = Debug|Any CPU
		{19A7ED51-A964-445C-AF82-D562D46CEBE2}.Release|Any CPU.ActiveCfg = Release|Any CPU
		{19A7ED51-A964-445C-AF82-D562D46CEBE2}.Release|Any CPU.Build.0 = Release|Any CPU
		{B060DB31-B9DD-435C-B91C-E34E09F1C27E}.Debug|Any CPU.ActiveCfg = Debug|Any CPU
		{B060DB31-B9DD-435C-B91C-E34E09F1C27E}.Debug|Any CPU.Build.0 = Debug|Any CPU
		{B060DB31-B9DD-435C-B91C-E34E09F1C27E}.Release|Any CPU.ActiveCfg = Release|Any CPU
		{B060DB31-B9DD-435C-B91C-E34E09F1C27E}.Release|Any CPU.Build.0 = Release|Any CPU
		{F5FECC19-A0F5-486D-88DD-4EE5D7C2A315}.Debug|Any CPU.ActiveCfg = Debug|Any CPU
		{F5FECC19-A0F5-486D-88DD-4EE5D7C2A315}.Debug|Any CPU.Build.0 = Debug|Any CPU
		{F5FECC19-A0F5-486D-88DD-4EE5D7C2A315}.Release|Any CPU.ActiveCfg = Release|Any CPU
		{F5FECC19-A0F5-486D-88DD-4EE5D7C2A315}.Release|Any CPU.Build.0 = Release|Any CPU
		{08BB7131-E54C-4BE8-82DF-E8EC4B8C81F6}.Debug|Any CPU.ActiveCfg = Debug|Any CPU
		{08BB7131-E54C-4BE8-82DF-E8EC4B8C81F6}.Debug|Any CPU.Build.0 = Debug|Any CPU
		{08BB7131-E54C-4BE8-82DF-E8EC4B8C81F6}.Release|Any CPU.ActiveCfg = Release|Any CPU
		{08BB7131-E54C-4BE8-82DF-E8EC4B8C81F6}.Release|Any CPU.Build.0 = Release|Any CPU
		{7E7DCECC-36AC-4B62-A9D2-6023FE430F42}.Debug|Any CPU.ActiveCfg = Debug|Any CPU
		{7E7DCECC-36AC-4B62-A9D2-6023FE430F42}.Debug|Any CPU.Build.0 = Debug|Any CPU
		{7E7DCECC-36AC-4B62-A9D2-6023FE430F42}.Release|Any CPU.ActiveCfg = Release|Any CPU
		{7E7DCECC-36AC-4B62-A9D2-6023FE430F42}.Release|Any CPU.Build.0 = Release|Any CPU
		{F7FF96E8-272C-4784-8D95-FC13EB0D0E5F}.Debug|Any CPU.ActiveCfg = Debug|Any CPU
		{F7FF96E8-272C-4784-8D95-FC13EB0D0E5F}.Debug|Any CPU.Build.0 = Debug|Any CPU
		{F7FF96E8-272C-4784-8D95-FC13EB0D0E5F}.Release|Any CPU.ActiveCfg = Release|Any CPU
		{F7FF96E8-272C-4784-8D95-FC13EB0D0E5F}.Release|Any CPU.Build.0 = Release|Any CPU
		{EFC9EA77-B36A-4715-83E5-FD30725F049F}.Debug|Any CPU.ActiveCfg = Debug|Any CPU
		{EFC9EA77-B36A-4715-83E5-FD30725F049F}.Debug|Any CPU.Build.0 = Debug|Any CPU
		{EFC9EA77-B36A-4715-83E5-FD30725F049F}.Release|Any CPU.ActiveCfg = Release|Any CPU
		{EFC9EA77-B36A-4715-83E5-FD30725F049F}.Release|Any CPU.Build.0 = Release|Any CPU
		{EADE8F3F-1CDF-45A5-8DCF-232A2F9B9F49}.Debug|Any CPU.ActiveCfg = Debug|Any CPU
		{EADE8F3F-1CDF-45A5-8DCF-232A2F9B9F49}.Debug|Any CPU.Build.0 = Debug|Any CPU
		{EADE8F3F-1CDF-45A5-8DCF-232A2F9B9F49}.Release|Any CPU.ActiveCfg = Release|Any CPU
		{EADE8F3F-1CDF-45A5-8DCF-232A2F9B9F49}.Release|Any CPU.Build.0 = Release|Any CPU
		{B51516E6-678E-458E-8187-4C2304E5ED86}.Debug|Any CPU.ActiveCfg = Debug|Any CPU
		{B51516E6-678E-458E-8187-4C2304E5ED86}.Debug|Any CPU.Build.0 = Debug|Any CPU
		{B51516E6-678E-458E-8187-4C2304E5ED86}.Release|Any CPU.ActiveCfg = Release|Any CPU
		{B51516E6-678E-458E-8187-4C2304E5ED86}.Release|Any CPU.Build.0 = Release|Any CPU
		{71CB9B88-40AC-4503-AC6C-FD30A20B378B}.Debug|Any CPU.ActiveCfg = Debug|Any CPU
		{71CB9B88-40AC-4503-AC6C-FD30A20B378B}.Debug|Any CPU.Build.0 = Debug|Any CPU
		{71CB9B88-40AC-4503-AC6C-FD30A20B378B}.Release|Any CPU.ActiveCfg = Release|Any CPU
		{71CB9B88-40AC-4503-AC6C-FD30A20B378B}.Release|Any CPU.Build.0 = Release|Any CPU
		{FBCD4FAD-6EDB-44D3-AEFB-35A2DB1BD9B0}.Debug|Any CPU.ActiveCfg = Debug|Any CPU
		{FBCD4FAD-6EDB-44D3-AEFB-35A2DB1BD9B0}.Debug|Any CPU.Build.0 = Debug|Any CPU
		{FBCD4FAD-6EDB-44D3-AEFB-35A2DB1BD9B0}.Release|Any CPU.ActiveCfg = Release|Any CPU
		{FBCD4FAD-6EDB-44D3-AEFB-35A2DB1BD9B0}.Release|Any CPU.Build.0 = Release|Any CPU
		{F3548183-A592-412D-9620-CF049324F361}.Debug|Any CPU.ActiveCfg = Debug|Any CPU
		{F3548183-A592-412D-9620-CF049324F361}.Debug|Any CPU.Build.0 = Debug|Any CPU
		{F3548183-A592-412D-9620-CF049324F361}.Release|Any CPU.ActiveCfg = Release|Any CPU
		{F3548183-A592-412D-9620-CF049324F361}.Release|Any CPU.Build.0 = Release|Any CPU
		{4036C750-C366-43F8-B641-6B09D250CC88}.Debug|Any CPU.ActiveCfg = Debug|Any CPU
		{4036C750-C366-43F8-B641-6B09D250CC88}.Debug|Any CPU.Build.0 = Debug|Any CPU
		{4036C750-C366-43F8-B641-6B09D250CC88}.Release|Any CPU.ActiveCfg = Release|Any CPU
		{4036C750-C366-43F8-B641-6B09D250CC88}.Release|Any CPU.Build.0 = Release|Any CPU
	EndGlobalSection
	GlobalSection(NestedProjects) = preSolution
		{923584AC-5F92-4D3B-A098-0A80F8E186EB} = {49501221-B711-41A5-A747-34E92BB3A782}
		{CE553169-37CB-4129-838E-6B6BB419B0B4} = {59778C5C-B993-4B68-90CA-0B1E8B538DDF}
		{A109B0B3-3538-4347-B0D5-98B5FB25DC3B} = {59778C5C-B993-4B68-90CA-0B1E8B538DDF}
		{AA4FAE99-8225-4655-9FDF-C655DF74CD6C} = {49501221-B711-41A5-A747-34E92BB3A782}
		{9D34FD7A-C84C-4A94-B110-0CA2B93758B5} = {AA4FAE99-8225-4655-9FDF-C655DF74CD6C}
		{A1C41C94-A01C-4C65-A0E1-5B9A0474987B} = {49501221-B711-41A5-A747-34E92BB3A782}
		{88F0B628-102E-4722-B10E-B533F15AADA4} = {A1C41C94-A01C-4C65-A0E1-5B9A0474987B}
		{39A637F1-6A1D-4911-9979-E1CB62F16DE9} = {88F0B628-102E-4722-B10E-B533F15AADA4}
		{7C098EF0-4577-4034-B210-82D71522EE33} = {88F0B628-102E-4722-B10E-B533F15AADA4}
		{0211C6D3-7E0F-477D-9DD4-DD29660D1ACC} = {88F0B628-102E-4722-B10E-B533F15AADA4}
		{8851B081-B1F3-489F-92AE-F55145386D3D} = {88F0B628-102E-4722-B10E-B533F15AADA4}
		{0A635027-EB07-4C3E-B49F-9D810AA9F218} = {A1C41C94-A01C-4C65-A0E1-5B9A0474987B}
		{E9A5999E-E50D-4518-8FAD-7F33EE57C0E2} = {0A635027-EB07-4C3E-B49F-9D810AA9F218}
		{26CD8F6A-9994-4C74-BF25-28671505531B} = {0A635027-EB07-4C3E-B49F-9D810AA9F218}
		{64D7BB48-C101-447B-BE9B-04BF034BC0FC} = {0A635027-EB07-4C3E-B49F-9D810AA9F218}
		{40F084A1-0BC7-4CE2-BA59-D4EA565EA747} = {0A635027-EB07-4C3E-B49F-9D810AA9F218}
		{E9DA0AE0-6CFB-4117-98BD-44714D3C55D2} = {59778C5C-B993-4B68-90CA-0B1E8B538DDF}
		{A83EFFED-DA7C-4BA2-B803-BD6B496FE603} = {59778C5C-B993-4B68-90CA-0B1E8B538DDF}
		{E80C6EA1-4A23-4192-B406-497DA279715E} = {A1C41C94-A01C-4C65-A0E1-5B9A0474987B}
		{DE7A5BC0-433F-4D92-B72F-44AF06393AB4} = {E80C6EA1-4A23-4192-B406-497DA279715E}
		{B371C9C2-EE62-4D53-9895-D7BBA4419468} = {E80C6EA1-4A23-4192-B406-497DA279715E}
		{2BFB6A1F-E259-4800-8C79-4AFA8278404C} = {E80C6EA1-4A23-4192-B406-497DA279715E}
		{D6A4A391-3F97-45D7-B628-4F2B8AB6ED5E} = {E80C6EA1-4A23-4192-B406-497DA279715E}
		{CA548381-AB27-450F-B72A-6F298509C085} = {59778C5C-B993-4B68-90CA-0B1E8B538DDF}
		{132878E1-0216-44F7-AD33-426809E98F2B} = {59778C5C-B993-4B68-90CA-0B1E8B538DDF}
		{3CBE2B51-5C68-4989-B7C9-BA2ECB318AFD} = {A1C41C94-A01C-4C65-A0E1-5B9A0474987B}
		{AC355A71-6215-44B9-A7D1-FA53B5DE6128} = {3CBE2B51-5C68-4989-B7C9-BA2ECB318AFD}
		{E4892930-94AC-4793-B6B6-4CF2BAE4D963} = {3CBE2B51-5C68-4989-B7C9-BA2ECB318AFD}
		{168A6766-38A8-4478-859E-50FF3E0957C2} = {3CBE2B51-5C68-4989-B7C9-BA2ECB318AFD}
		{E2E6B25C-0824-4F1D-95E2-A1F0911947CA} = {3CBE2B51-5C68-4989-B7C9-BA2ECB318AFD}
		{DE2467B6-D6D3-4425-A9B8-D89863BB2FA0} = {59778C5C-B993-4B68-90CA-0B1E8B538DDF}
		{DB834FE5-CA39-4235-BE27-2DBD5A938502} = {59778C5C-B993-4B68-90CA-0B1E8B538DDF}
		{3FF7679C-6DD3-4611-80C9-04F21968E77D} = {A1C41C94-A01C-4C65-A0E1-5B9A0474987B}
		{E75D68E5-B3D2-4BF6-8D8F-62B72DA20BC8} = {3FF7679C-6DD3-4611-80C9-04F21968E77D}
		{682C53E0-162B-4383-A04F-6874E8DF2AD6} = {3FF7679C-6DD3-4611-80C9-04F21968E77D}
		{19A7ED51-A964-445C-AF82-D562D46CEBE2} = {3FF7679C-6DD3-4611-80C9-04F21968E77D}
		{B060DB31-B9DD-435C-B91C-E34E09F1C27E} = {3FF7679C-6DD3-4611-80C9-04F21968E77D}
		{F5FECC19-A0F5-486D-88DD-4EE5D7C2A315} = {59778C5C-B993-4B68-90CA-0B1E8B538DDF}
		{08BB7131-E54C-4BE8-82DF-E8EC4B8C81F6} = {59778C5C-B993-4B68-90CA-0B1E8B538DDF}
		{5FE8DC3F-9043-449D-9CC1-B717040D7CF4} = {A1C41C94-A01C-4C65-A0E1-5B9A0474987B}
		{7E7DCECC-36AC-4B62-A9D2-6023FE430F42} = {5FE8DC3F-9043-449D-9CC1-B717040D7CF4}
		{F7FF96E8-272C-4784-8D95-FC13EB0D0E5F} = {5FE8DC3F-9043-449D-9CC1-B717040D7CF4}
		{EFC9EA77-B36A-4715-83E5-FD30725F049F} = {5FE8DC3F-9043-449D-9CC1-B717040D7CF4}
		{EADE8F3F-1CDF-45A5-8DCF-232A2F9B9F49} = {5FE8DC3F-9043-449D-9CC1-B717040D7CF4}
		{B51516E6-678E-458E-8187-4C2304E5ED86} = {59778C5C-B993-4B68-90CA-0B1E8B538DDF}
		{71CB9B88-40AC-4503-AC6C-FD30A20B378B} = {59778C5C-B993-4B68-90CA-0B1E8B538DDF}
		{FBCD4FAD-6EDB-44D3-AEFB-35A2DB1BD9B0} = {59778C5C-B993-4B68-90CA-0B1E8B538DDF}
		{F3548183-A592-412D-9620-CF049324F361} = {59778C5C-B993-4B68-90CA-0B1E8B538DDF}
		{4036C750-C366-43F8-B641-6B09D250CC88} = {AA4FAE99-8225-4655-9FDF-C655DF74CD6C}
	EndGlobalSection
EndGlobal
